
Microsoft Visual Studio Solution File, Format Version 12.00
# Visual Studio 14
VisualStudioVersion = 14.0.25420.1
MinimumVisualStudioVersion = 10.0.40219.1
Project("{FAE04EC0-301F-11D3-BF4B-00C04F79EFBC}") = "TH.Core", "TH.Core\TH.Core.csproj", "{7E5F2FBB-DE2A-4CFC-950B-F062CE5C2864}"
EndProject
Project("{FAE04EC0-301F-11D3-BF4B-00C04F79EFBC}") = "TH.MiniShop", "TH.MiniShop\TH.MiniShop.csproj", "{9F5500F1-E9FC-4C4D-B5AF-0F339D24CBDC}"
EndProject
Project("{FAE04EC0-301F-11D3-BF4B-00C04F79EFBC}") = "TH.InSTTVLTL", "TH.InSTTVLTL\TH.InSTTVLTL.csproj", "{55757DC6-3459-49A4-B60D-07E867E7E3AD}"
EndProject
Project("{54435603-DBB4-11D2-8724-00A0C9A8B90C}") = "SetupInSTTVLTL", "SetupInSTTVLTL\SetupInSTTVLTL.vdproj", "{6C3D6415-4907-411F-BA6F-23BF2F96281D}"
EndProject
Project("{FAE04EC0-301F-11D3-BF4B-00C04F79EFBC}") = "DHG.Tools", "DHG.Tools\DHG.Tools.csproj", "{C4689ADB-B5AC-41CB-9E12-2A7E181F7F8A}"
EndProject
Global
	GlobalSection(SolutionConfigurationPlatforms) = preSolution
		Debug|Any CPU = Debug|Any CPU
		Release|Any CPU = Release|Any CPU
	EndGlobalSection
	GlobalSection(ProjectConfigurationPlatforms) = postSolution
		{7E5F2FBB-DE2A-4CFC-950B-F062CE5C2864}.Debug|Any CPU.ActiveCfg = Debug|Any CPU
		{7E5F2FBB-DE2A-4CFC-950B-F062CE5C2864}.Debug|Any CPU.Build.0 = Debug|Any CPU
		{7E5F2FBB-DE2A-4CFC-950B-F062CE5C2864}.Release|Any CPU.ActiveCfg = Release|Any CPU
		{7E5F2FBB-DE2A-4CFC-950B-F062CE5C2864}.Release|Any CPU.Build.0 = Release|Any CPU
		{9F5500F1-E9FC-4C4D-B5AF-0F339D24CBDC}.Debug|Any CPU.ActiveCfg = Debug|Any CPU
		{9F5500F1-E9FC-4C4D-B5AF-0F339D24CBDC}.Debug|Any CPU.Build.0 = Debug|Any CPU
		{9F5500F1-E9FC-4C4D-B5AF-0F339D24CBDC}.Release|Any CPU.ActiveCfg = Release|Any CPU
		{9F5500F1-E9FC-4C4D-B5AF-0F339D24CBDC}.Release|Any CPU.Build.0 = Release|Any CPU
		{55757DC6-3459-49A4-B60D-07E867E7E3AD}.Debug|Any CPU.ActiveCfg = Debug|Any CPU
		{55757DC6-3459-49A4-B60D-07E867E7E3AD}.Debug|Any CPU.Build.0 = Debug|Any CPU
		{55757DC6-3459-49A4-B60D-07E867E7E3AD}.Release|Any CPU.ActiveCfg = Release|Any CPU
		{55757DC6-3459-49A4-B60D-07E867E7E3AD}.Release|Any CPU.Build.0 = Release|Any CPU
		{6C3D6415-4907-411F-BA6F-23BF2F96281D}.Debug|Any CPU.ActiveCfg = Debug
		{6C3D6415-4907-411F-BA6F-23BF2F96281D}.Release|Any CPU.ActiveCfg = Release
		{C4689ADB-B5AC-41CB-9E12-2A7E181F7F8A}.Debug|Any CPU.ActiveCfg = Debug|Any CPU
		{C4689ADB-B5AC-41CB-9E12-2A7E181F7F8A}.Debug|Any CPU.Build.0 = Debug|Any CPU
		{C4689ADB-B5AC-41CB-9E12-2A7E181F7F8A}.Release|Any CPU.ActiveCfg = Release|Any CPU
		{C4689ADB-B5AC-41CB-9E12-2A7E181F7F8A}.Release|Any CPU.Build.0 = Release|Any CPU
	EndGlobalSection
	GlobalSection(SolutionProperties) = preSolution
		HideSolutionNode = FALSE
	EndGlobalSection
EndGlobal
